// !$*UTF8*$!
{
	archiveVersion = 1;
	classes = {
	};
	objectVersion = 46;
	objects = {

/* Begin PBXBuildFile section */
		5762B56D1CF2765B002CF248 /* instructions.html in Resources */ = {isa = PBXBuildFile; fileRef = 5762B56C1CF2765B002CF248 /* instructions.html */; };
		5762B56F1CF27AFD002CF248 /* InstructionsViewController.swift in Sources */ = {isa = PBXBuildFile; fileRef = 5762B56E1CF27AFD002CF248 /* InstructionsViewController.swift */; };
		57C9BAF81CF7EE9C00B11F01 /* TheListDetailViewController.swift in Sources */ = {isa = PBXBuildFile; fileRef = 57C9BAF71CF7EE9C00B11F01 /* TheListDetailViewController.swift */; };
		57C9BAFA1CF7F03B00B11F01 /* Card.swift in Sources */ = {isa = PBXBuildFile; fileRef = 57C9BAF91CF7F03B00B11F01 /* Card.swift */; };
		57C9BAFC1CF7F21600B11F01 /* CardManager.swift in Sources */ = {isa = PBXBuildFile; fileRef = 57C9BAFB1CF7F21600B11F01 /* CardManager.swift */; };
		57D90E821CF2598C00410284 /* TheListViewController.swift in Sources */ = {isa = PBXBuildFile; fileRef = 57D90E811CF2598C00410284 /* TheListViewController.swift */; };
		57ED4DE91CF24919008F1CD3 /* AppDelegate.swift in Sources */ = {isa = PBXBuildFile; fileRef = 57ED4DE81CF24919008F1CD3 /* AppDelegate.swift */; };
		57ED4DEB1CF24919008F1CD3 /* ViewController.swift in Sources */ = {isa = PBXBuildFile; fileRef = 57ED4DEA1CF24919008F1CD3 /* ViewController.swift */; };
		57ED4DEE1CF24919008F1CD3 /* Main.storyboard in Resources */ = {isa = PBXBuildFile; fileRef = 57ED4DEC1CF24919008F1CD3 /* Main.storyboard */; };
		57ED4DF01CF24919008F1CD3 /* Assets.xcassets in Resources */ = {isa = PBXBuildFile; fileRef = 57ED4DEF1CF24919008F1CD3 /* Assets.xcassets */; };
		57ED4DF31CF24919008F1CD3 /* LaunchScreen.storyboard in Resources */ = {isa = PBXBuildFile; fileRef = 57ED4DF11CF24919008F1CD3 /* LaunchScreen.storyboard */; };
		9996A9651D5FE59D006C6DEE /* CustomTableViewCell.swift in Sources */ = {isa = PBXBuildFile; fileRef = 9996A9641D5FE59D006C6DEE /* CustomTableViewCell.swift */; };
/* End PBXBuildFile section */

/* Begin PBXFileReference section */
		5762B56C1CF2765B002CF248 /* instructions.html */ = {isa = PBXFileReference; fileEncoding = 4; lastKnownFileType = text.html; path = instructions.html; sourceTree = "<group>"; };
		5762B56E1CF27AFD002CF248 /* InstructionsViewController.swift */ = {isa = PBXFileReference; fileEncoding = 4; lastKnownFileType = sourcecode.swift; path = InstructionsViewController.swift; sourceTree = "<group>"; };
		57C9BAF71CF7EE9C00B11F01 /* TheListDetailViewController.swift */ = {isa = PBXFileReference; fileEncoding = 4; lastKnownFileType = sourcecode.swift; path = TheListDetailViewController.swift; sourceTree = "<group>"; };
		57C9BAF91CF7F03B00B11F01 /* Card.swift */ = {isa = PBXFileReference; fileEncoding = 4; lastKnownFileType = sourcecode.swift; path = Card.swift; sourceTree = "<group>"; };
		57C9BAFB1CF7F21600B11F01 /* CardManager.swift */ = {isa = PBXFileReference; fileEncoding = 4; lastKnownFileType = sourcecode.swift; path = CardManager.swift; sourceTree = "<group>"; };
		57D90E811CF2598C00410284 /* TheListViewController.swift */ = {isa = PBXFileReference; fileEncoding = 4; lastKnownFileType = sourcecode.swift; path = TheListViewController.swift; sourceTree = "<group>"; };
		57ED4DE51CF24919008F1CD3 /* Penisland.app */ = {isa = PBXFileReference; explicitFileType = wrapper.application; includeInIndex = 0; path = Penisland.app; sourceTree = BUILT_PRODUCTS_DIR; };
		57ED4DE81CF24919008F1CD3 /* AppDelegate.swift */ = {isa = PBXFileReference; lastKnownFileType = sourcecode.swift; path = AppDelegate.swift; sourceTree = "<group>"; };
		57ED4DEA1CF24919008F1CD3 /* ViewController.swift */ = {isa = PBXFileReference; lastKnownFileType = sourcecode.swift; path = ViewController.swift; sourceTree = "<group>"; };
		57ED4DED1CF24919008F1CD3 /* Base */ = {isa = PBXFileReference; lastKnownFileType = file.storyboard; name = Base; path = Base.lproj/Main.storyboard; sourceTree = "<group>"; };
		57ED4DEF1CF24919008F1CD3 /* Assets.xcassets */ = {isa = PBXFileReference; lastKnownFileType = folder.assetcatalog; path = Assets.xcassets; sourceTree = "<group>"; };
		57ED4DF21CF24919008F1CD3 /* Base */ = {isa = PBXFileReference; lastKnownFileType = file.storyboard; name = Base; path = Base.lproj/LaunchScreen.storyboard; sourceTree = "<group>"; };
		57ED4DF41CF24919008F1CD3 /* Info.plist */ = {isa = PBXFileReference; lastKnownFileType = text.plist.xml; path = Info.plist; sourceTree = "<group>"; };
		9996A9641D5FE59D006C6DEE /* CustomTableViewCell.swift */ = {isa = PBXFileReference; fileEncoding = 4; lastKnownFileType = sourcecode.swift; path = CustomTableViewCell.swift; sourceTree = "<group>"; };
/* End PBXFileReference section */

/* Begin PBXFrameworksBuildPhase section */
		57ED4DE21CF24919008F1CD3 /* Frameworks */ = {
			isa = PBXFrameworksBuildPhase;
			buildActionMask = 2147483647;
			files = (
			);
			runOnlyForDeploymentPostprocessing = 0;
		};
/* End PBXFrameworksBuildPhase section */

/* Begin PBXGroup section */
		576053BA1D8506C100480281 /* ViewControllers */ = {
			isa = PBXGroup;
			children = (
				57ED4DEA1CF24919008F1CD3 /* ViewController.swift */,
				5762B56E1CF27AFD002CF248 /* InstructionsViewController.swift */,
				57D90E811CF2598C00410284 /* TheListViewController.swift */,
				57C9BAF71CF7EE9C00B11F01 /* TheListDetailViewController.swift */,
			);
			name = ViewControllers;
			sourceTree = "<group>";
		};
		576053BB1D8506E400480281 /* plist */ = {
			isa = PBXGroup;
			children = (
				57ED4DF41CF24919008F1CD3 /* Info.plist */,
			);
			name = plist;
			sourceTree = "<group>";
		};
		576053BC1D8506ED00480281 /* Layout */ = {
			isa = PBXGroup;
			children = (
				57ED4DEC1CF24919008F1CD3 /* Main.storyboard */,
				57ED4DF11CF24919008F1CD3 /* LaunchScreen.storyboard */,
			);
			name = Layout;
			sourceTree = "<group>";
		};
		576053BD1D85077400480281 /* ModelsAndHelpers */ = {
			isa = PBXGroup;
			children = (
				9996A9641D5FE59D006C6DEE /* CustomTableViewCell.swift */,
				57C9BAF91CF7F03B00B11F01 /* Card.swift */,
				57C9BAFB1CF7F21600B11F01 /* CardManager.swift */,
				5762B56C1CF2765B002CF248 /* instructions.html */,
			);
			name = ModelsAndHelpers;
			sourceTree = "<group>";
		};
		57ED4DDC1CF24919008F1CD3 = {
			isa = PBXGroup;
			children = (
				57ED4DE71CF24919008F1CD3 /* Penisland */,
				57ED4DE61CF24919008F1CD3 /* Products */,
			);
			sourceTree = "<group>";
		};
		57ED4DE61CF24919008F1CD3 /* Products */ = {
			isa = PBXGroup;
			children = (
				57ED4DE51CF24919008F1CD3 /* Penisland.app */,
			);
			name = Products;
			sourceTree = "<group>";
		};
		57ED4DE71CF24919008F1CD3 /* Penisland */ = {
			isa = PBXGroup;
			children = (
				576053BA1D8506C100480281 /* ViewControllers */,
				576053BD1D85077400480281 /* ModelsAndHelpers */,
				576053BC1D8506ED00480281 /* Layout */,
				576053BB1D8506E400480281 /* plist */,
				57ED4DE81CF24919008F1CD3 /* AppDelegate.swift */,
				57ED4DEF1CF24919008F1CD3 /* Assets.xcassets */,
			);
			path = Penisland;
			sourceTree = "<group>";
		};
/* End PBXGroup section */

/* Begin PBXNativeTarget section */
		57ED4DE41CF24919008F1CD3 /* Penisland */ = {
			isa = PBXNativeTarget;
			buildConfigurationList = 57ED4DF71CF24919008F1CD3 /* Build configuration list for PBXNativeTarget "Penisland" */;
			buildPhases = (
				57ED4DE11CF24919008F1CD3 /* Sources */,
				57ED4DE21CF24919008F1CD3 /* Frameworks */,
				57ED4DE31CF24919008F1CD3 /* Resources */,
			);
			buildRules = (
			);
			dependencies = (
			);
			name = Penisland;
			productName = Penisland;
			productReference = 57ED4DE51CF24919008F1CD3 /* Penisland.app */;
			productType = "com.apple.product-type.application";
		};
/* End PBXNativeTarget section */

/* Begin PBXProject section */
		57ED4DDD1CF24919008F1CD3 /* Project object */ = {
			isa = PBXProject;
			attributes = {
				LastSwiftUpdateCheck = 0730;
				LastUpgradeCheck = 0800;
				ORGANIZATIONNAME = "Dan Patey";
				TargetAttributes = {
					57ED4DE41CF24919008F1CD3 = {
						CreatedOnToolsVersion = 7.3.1;
						DevelopmentTeam = U6J9N2F6E2;
						LastSwiftMigration = 0800;
					};
				};
			};
			buildConfigurationList = 57ED4DE01CF24919008F1CD3 /* Build configuration list for PBXProject "Penisland" */;
			compatibilityVersion = "Xcode 3.2";
			developmentRegion = English;
			hasScannedForEncodings = 0;
			knownRegions = (
				en,
				Base,
			);
			mainGroup = 57ED4DDC1CF24919008F1CD3;
			productRefGroup = 57ED4DE61CF24919008F1CD3 /* Products */;
			projectDirPath = "";
			projectRoot = "";
			targets = (
				57ED4DE41CF24919008F1CD3 /* Penisland */,
			);
		};
/* End PBXProject section */

/* Begin PBXResourcesBuildPhase section */
		57ED4DE31CF24919008F1CD3 /* Resources */ = {
			isa = PBXResourcesBuildPhase;
			buildActionMask = 2147483647;
			files = (
				57ED4DF31CF24919008F1CD3 /* LaunchScreen.storyboard in Resources */,
				5762B56D1CF2765B002CF248 /* instructions.html in Resources */,
				57ED4DF01CF24919008F1CD3 /* Assets.xcassets in Resources */,
				57ED4DEE1CF24919008F1CD3 /* Main.storyboard in Resources */,
			);
			runOnlyForDeploymentPostprocessing = 0;
		};
/* End PBXResourcesBuildPhase section */

/* Begin PBXSourcesBuildPhase section */
		57ED4DE11CF24919008F1CD3 /* Sources */ = {
			isa = PBXSourcesBuildPhase;
			buildActionMask = 2147483647;
			files = (
				57ED4DEB1CF24919008F1CD3 /* ViewController.swift in Sources */,
				57C9BAFA1CF7F03B00B11F01 /* Card.swift in Sources */,
				9996A9651D5FE59D006C6DEE /* CustomTableViewCell.swift in Sources */,
				57C9BAF81CF7EE9C00B11F01 /* TheListDetailViewController.swift in Sources */,
				57C9BAFC1CF7F21600B11F01 /* CardManager.swift in Sources */,
				57ED4DE91CF24919008F1CD3 /* AppDelegate.swift in Sources */,
				5762B56F1CF27AFD002CF248 /* InstructionsViewController.swift in Sources */,
				57D90E821CF2598C00410284 /* TheListViewController.swift in Sources */,
			);
			runOnlyForDeploymentPostprocessing = 0;
		};
/* End PBXSourcesBuildPhase section */

/* Begin PBXVariantGroup section */
		57ED4DEC1CF24919008F1CD3 /* Main.storyboard */ = {
			isa = PBXVariantGroup;
			children = (
				57ED4DED1CF24919008F1CD3 /* Base */,
			);
			name = Main.storyboard;
			sourceTree = "<group>";
		};
		57ED4DF11CF24919008F1CD3 /* LaunchScreen.storyboard */ = {
			isa = PBXVariantGroup;
			children = (
				57ED4DF21CF24919008F1CD3 /* Base */,
			);
			name = LaunchScreen.storyboard;
			sourceTree = "<group>";
		};
/* End PBXVariantGroup section */

/* Begin XCBuildConfiguration section */
		57ED4DF51CF24919008F1CD3 /* Debug */ = {
			isa = XCBuildConfiguration;
			buildSettings = {
				ALWAYS_SEARCH_USER_PATHS = NO;
				CLANG_ANALYZER_NONNULL = YES;
				CLANG_CXX_LANGUAGE_STANDARD = "gnu++0x";
				CLANG_CXX_LIBRARY = "libc++";
				CLANG_ENABLE_MODULES = YES;
				CLANG_ENABLE_OBJC_ARC = YES;
				CLANG_WARN_BOOL_CONVERSION = YES;
				CLANG_WARN_CONSTANT_CONVERSION = YES;
				CLANG_WARN_DIRECT_OBJC_ISA_USAGE = YES_ERROR;
				CLANG_WARN_EMPTY_BODY = YES;
				CLANG_WARN_ENUM_CONVERSION = YES;
				CLANG_WARN_INFINITE_RECURSION = YES;
				CLANG_WARN_INT_CONVERSION = YES;
				CLANG_WARN_OBJC_ROOT_CLASS = YES_ERROR;
				CLANG_WARN_SUSPICIOUS_MOVE = YES;
				CLANG_WARN_UNREACHABLE_CODE = YES;
				CLANG_WARN__DUPLICATE_METHOD_MATCH = YES;
				"CODE_SIGN_IDENTITY[sdk=iphoneos*]" = "iPhone Developer";
				COPY_PHASE_STRIP = NO;
				DEBUG_INFORMATION_FORMAT = dwarf;
				ENABLE_STRICT_OBJC_MSGSEND = YES;
				ENABLE_TESTABILITY = YES;
				GCC_C_LANGUAGE_STANDARD = gnu99;
				GCC_DYNAMIC_NO_PIC = NO;
				GCC_NO_COMMON_BLOCKS = YES;
				GCC_OPTIMIZATION_LEVEL = 0;
				GCC_PREPROCESSOR_DEFINITIONS = (
					"DEBUG=1",
					"$(inherited)",
				);
				GCC_WARN_64_TO_32_BIT_CONVERSION = YES;
				GCC_WARN_ABOUT_RETURN_TYPE = YES_ERROR;
				GCC_WARN_UNDECLARED_SELECTOR = YES;
				GCC_WARN_UNINITIALIZED_AUTOS = YES_AGGRESSIVE;
				GCC_WARN_UNUSED_FUNCTION = YES;
				GCC_WARN_UNUSED_VARIABLE = YES;
				IPHONEOS_DEPLOYMENT_TARGET = 9.3;
				MTL_ENABLE_DEBUG_INFO = YES;
				ONLY_ACTIVE_ARCH = YES;
				SDKROOT = iphoneos;
				SWIFT_OPTIMIZATION_LEVEL = "-Onone";
			};
			name = Debug;
		};
		57ED4DF61CF24919008F1CD3 /* Release */ = {
			isa = XCBuildConfiguration;
			buildSettings = {
				ALWAYS_SEARCH_USER_PATHS = NO;
				CLANG_ANALYZER_NONNULL = YES;
				CLANG_CXX_LANGUAGE_STANDARD = "gnu++0x";
				CLANG_CXX_LIBRARY = "libc++";
				CLANG_ENABLE_MODULES = YES;
				CLANG_ENABLE_OBJC_ARC = YES;
				CLANG_WARN_BOOL_CONVERSION = YES;
				CLANG_WARN_CONSTANT_CONVERSION = YES;
				CLANG_WARN_DIRECT_OBJC_ISA_USAGE = YES_ERROR;
				CLANG_WARN_EMPTY_BODY = YES;
				CLANG_WARN_ENUM_CONVERSION = YES;
				CLANG_WARN_INFINITE_RECURSION = YES;
				CLANG_WARN_INT_CONVERSION = YES;
				CLANG_WARN_OBJC_ROOT_CLASS = YES_ERROR;
				CLANG_WARN_SUSPICIOUS_MOVE = YES;
				CLANG_WARN_UNREACHABLE_CODE = YES;
				CLANG_WARN__DUPLICATE_METHOD_MATCH = YES;
				"CODE_SIGN_IDENTITY[sdk=iphoneos*]" = "iPhone Developer";
				COPY_PHASE_STRIP = NO;
				DEBUG_INFORMATION_FORMAT = "dwarf-with-dsym";
				ENABLE_NS_ASSERTIONS = NO;
				ENABLE_STRICT_OBJC_MSGSEND = YES;
				GCC_C_LANGUAGE_STANDARD = gnu99;
				GCC_NO_COMMON_BLOCKS = YES;
				GCC_WARN_64_TO_32_BIT_CONVERSION = YES;
				GCC_WARN_ABOUT_RETURN_TYPE = YES_ERROR;
				GCC_WARN_UNDECLARED_SELECTOR = YES;
				GCC_WARN_UNINITIALIZED_AUTOS = YES_AGGRESSIVE;
				GCC_WARN_UNUSED_FUNCTION = YES;
				GCC_WARN_UNUSED_VARIABLE = YES;
				IPHONEOS_DEPLOYMENT_TARGET = 9.3;
				MTL_ENABLE_DEBUG_INFO = NO;
				SDKROOT = iphoneos;
				SWIFT_OPTIMIZATION_LEVEL = "-Owholemodule";
				VALIDATE_PRODUCT = YES;
			};
			name = Release;
		};
		57ED4DF81CF24919008F1CD3 /* Debug */ = {
			isa = XCBuildConfiguration;
			buildSettings = {
				ASSETCATALOG_COMPILER_APPICON_NAME = AppIcon;
				CODE_SIGN_IDENTITY = "iPhone Distribution";
				"CODE_SIGN_IDENTITY[sdk=iphoneos*]" = "iPhone Developer";
				INFOPLIST_FILE = Penisland/Info.plist;
				LD_RUNPATH_SEARCH_PATHS = "$(inherited) @executable_path/Frameworks";
				PRODUCT_BUNDLE_IDENTIFIER = com.hackingwithswift.Penisland;
				PRODUCT_NAME = "$(TARGET_NAME)";
				PROVISIONING_PROFILE = "";
				SWIFT_VERSION = 2.3;
				TARGETED_DEVICE_FAMILY = "1,2";
			};
			name = Debug;
		};
		57ED4DF91CF24919008F1CD3 /* Release */ = {
			isa = XCBuildConfiguration;
			buildSettings = {
				ASSETCATALOG_COMPILER_APPICON_NAME = AppIcon;
				CODE_SIGN_IDENTITY = "iPhone Distribution";
				"CODE_SIGN_IDENTITY[sdk=iphoneos*]" = "iPhone Developer";
				INFOPLIST_FILE = Penisland/Info.plist;
				LD_RUNPATH_SEARCH_PATHS = "$(inherited) @executable_path/Frameworks";
				PRODUCT_BUNDLE_IDENTIFIER = com.hackingwithswift.Penisland;
				PRODUCT_NAME = "$(TARGET_NAME)";
				PROVISIONING_PROFILE = "";
				SWIFT_VERSION = 2.3;
				TARGETED_DEVICE_FAMILY = "1,2";
			};
			name = Release;
		};
/* End XCBuildConfiguration section */

/* Begin XCConfigurationList section */
		57ED4DE01CF24919008F1CD3 /* Build configuration list for PBXProject "Penisland" */ = {
			isa = XCConfigurationList;
			buildConfigurations = (
				57ED4DF51CF24919008F1CD3 /* Debug */,
				57ED4DF61CF24919008F1CD3 /* Release */,
			);
			defaultConfigurationIsVisible = 0;
			defaultConfigurationName = Release;
		};
		57ED4DF71CF24919008F1CD3 /* Build configuration list for PBXNativeTarget "Penisland" */ = {
			isa = XCConfigurationList;
			buildConfigurations = (
				57ED4DF81CF24919008F1CD3 /* Debug */,
				57ED4DF91CF24919008F1CD3 /* Release */,
			);
			defaultConfigurationIsVisible = 0;
			defaultConfigurationName = Release;
		};
/* End XCConfigurationList section */
	};
	rootObject = 57ED4DDD1CF24919008F1CD3 /* Project object */;
}
